
Microsoft Visual Studio Solution File, Format Version 12.00
# Visual Studio Version 16
VisualStudioVersion = 16.0.30907.101
MinimumVisualStudioVersion = 10.0.40219.1
Project("{9A19103F-16F7-4668-BE54-9A1E7A4F7556}") = "NUnitTestProject1", "NUnitTestProject1.csproj", "{0599D6E9-0434-45E9-AC32-06DFFDB2F74A}"
EndProject
Project("{FAE04EC0-301F-11D3-BF4B-00C04F79EFBC}") = "UnitTestProject1", "..\UnitTestProject1\UnitTestProject1.csproj", "{055726AA-3A92-4719-A06B-D463995484A3}"
EndProject
Project("{FAE04EC0-301F-11D3-BF4B-00C04F79EFBC}") = "MSTestProject2", "..\MSTestProject2\MSTestProject2.csproj", "{9725138F-6EFF-40C5-B2B4-5860F912256E}"
EndProject
Project("{FAE04EC0-301F-11D3-BF4B-00C04F79EFBC}") = "XUnitTestProject1", "..\XUnitTestProject1\XUnitTestProject1.csproj", "{A901473D-FCE8-4617-8F7B-28D54C66A195}"
EndProject
Project("{FAE04EC0-301F-11D3-BF4B-00C04F79EFBC}") = "ClassLibrary", "..\ClassLibrary\ClassLibrary.csproj", "{B135C452-AE4E-4EFE-ABD8-39F642876175}"
EndProject
Global
	GlobalSection(SolutionConfigurationPlatforms) = preSolution
		Debug|Any CPU = Debug|Any CPU
		Release|Any CPU = Release|Any CPU
	EndGlobalSection
	GlobalSection(ProjectConfigurationPlatforms) = postSolution
		{0599D6E9-0434-45E9-AC32-06DFFDB2F74A}.Debug|Any CPU.ActiveCfg = Debug|Any CPU
		{0599D6E9-0434-45E9-AC32-06DFFDB2F74A}.Debug|Any CPU.Build.0 = Debug|Any CPU
		{0599D6E9-0434-45E9-AC32-06DFFDB2F74A}.Release|Any CPU.ActiveCfg = Release|Any CPU
		{0599D6E9-0434-45E9-AC32-06DFFDB2F74A}.Release|Any CPU.Build.0 = Release|Any CPU
		{055726AA-3A92-4719-A06B-D463995484A3}.Debug|Any CPU.ActiveCfg = Debug|Any CPU
		{055726AA-3A92-4719-A06B-D463995484A3}.Debug|Any CPU.Build.0 = Debug|Any CPU
		{055726AA-3A92-4719-A06B-D463995484A3}.Release|Any CPU.ActiveCfg = Release|Any CPU
		{055726AA-3A92-4719-A06B-D463995484A3}.Release|Any CPU.Build.0 = Release|Any CPU
		{9725138F-6EFF-40C5-B2B4-5860F912256E}.Debug|Any CPU.ActiveCfg = Debug|Any CPU
		{9725138F-6EFF-40C5-B2B4-5860F912256E}.Debug|Any CPU.Build.0 = Debug|Any CPU
		{9725138F-6EFF-40C5-B2B4-5860F912256E}.Release|Any CPU.ActiveCfg = Release|Any CPU
		{9725138F-6EFF-40C5-B2B4-5860F912256E}.Release|Any CPU.Build.0 = Release|Any CPU
		{A901473D-FCE8-4617-8F7B-28D54C66A195}.Debug|Any CPU.ActiveCfg = Debug|Any CPU
		{A901473D-FCE8-4617-8F7B-28D54C66A195}.Debug|Any CPU.Build.0 = Debug|Any CPU
		{A901473D-FCE8-4617-8F7B-28D54C66A195}.Release|Any CPU.ActiveCfg = Release|Any CPU
		{A901473D-FCE8-4617-8F7B-28D54C66A195}.Release|Any CPU.Build.0 = Release|Any CPU
		{B135C452-AE4E-4EFE-ABD8-39F642876175}.Debug|Any CPU.ActiveCfg = Debug|Any CPU
		{B135C452-AE4E-4EFE-ABD8-39F642876175}.Debug|Any CPU.Build.0 = Debug|Any CPU
		{B135C452-AE4E-4EFE-ABD8-39F642876175}.Release|Any CPU.ActiveCfg = Release|Any CPU
		{B135C452-AE4E-4EFE-ABD8-39F642876175}.Release|Any CPU.Build.0 = Release|Any CPU
	EndGlobalSection
	GlobalSection(SolutionProperties) = preSolution
		HideSolutionNode = FALSE
	EndGlobalSection
	GlobalSection(ExtensibilityGlobals) = postSolution
		SolutionGuid = {7F4F7F40-4727-499D-A0A7-60637DB81225}
	EndGlobalSection
EndGlobal
